# This file is generated by running "yarn install" inside your project.
# Manual changes might be lost - proceed with caution!

__metadata:
  version: 6
  cacheKey: 8

"@opentelemetry/api@npm:^1.6.0":
  version: 1.6.0
  resolution: "@opentelemetry/api@npm:1.6.0"
  checksum: 3283b78b62a39f6568eaa050ac7045fcca747679e255874f6d2107cb8e1a3b2e10bfbf553c3e82a72500fb5fdca49dc07a5fe27fd6980debac24506cca638859
  languageName: node
  linkType: hard

"@opentelemetry/auto-instrumentations-web@npm:^0.33.2":
  version: 0.33.2
  resolution: "@opentelemetry/auto-instrumentations-web@npm:0.33.2"
  dependencies:
    "@opentelemetry/instrumentation": "npm:^0.44.0"
    "@opentelemetry/instrumentation-document-load": "npm:^0.33.2"
    "@opentelemetry/instrumentation-fetch": "npm:^0.44.0"
    "@opentelemetry/instrumentation-user-interaction": "npm:^0.33.2"
    "@opentelemetry/instrumentation-xml-http-request": "npm:^0.44.0"
  peerDependencies:
    "@opentelemetry/api": ^1.3.0
  checksum: af5c97bf7afc6dca98f31be8524dcea2fb3fbbf68ad7aa830c9bd420465f2884da427bbbe12fe047958fc2ceb98bbc10635cdd44ff115a57a3ca2a042c28e682
  languageName: node
  linkType: hard

"@opentelemetry/core@npm:1.17.1, @opentelemetry/core@npm:^1.8.0":
  version: 1.17.1
  resolution: "@opentelemetry/core@npm:1.17.1"
  dependencies:
    "@opentelemetry/semantic-conventions": "npm:1.17.1"
  peerDependencies:
    "@opentelemetry/api": ">=1.0.0 <1.7.0"
  checksum: 06157f4a51dd1b3c98487c0d29a927a5a0fbbc997a81b04ccc4923968424582f517969b91c4f4f19dc1718f27a97f43b0b07af1310a5c240a96c5ff14c4b5cec
  languageName: node
  linkType: hard

"@opentelemetry/instrumentation-document-load@npm:^0.33.2":
  version: 0.33.2
  resolution: "@opentelemetry/instrumentation-document-load@npm:0.33.2"
  dependencies:
    "@opentelemetry/core": "npm:^1.8.0"
    "@opentelemetry/instrumentation": "npm:^0.44.0"
    "@opentelemetry/sdk-trace-base": "npm:^1.0.0"
    "@opentelemetry/sdk-trace-web": "npm:^1.15.0"
    "@opentelemetry/semantic-conventions": "npm:^1.0.0"
  peerDependencies:
    "@opentelemetry/api": ^1.3.0
  checksum: 1edd5abd906a3a2b3e5c9b8947bb96e538e660d72395b8a84facc5c10603df13cd7defa4e103d061a558b6226a89082259c773d7c5543e2e9f0df3d2c2ec1190
  languageName: node
  linkType: hard

"@opentelemetry/instrumentation-fetch@npm:^0.44.0":
  version: 0.44.0
  resolution: "@opentelemetry/instrumentation-fetch@npm:0.44.0"
  dependencies:
    "@opentelemetry/core": "npm:1.17.1"
    "@opentelemetry/instrumentation": "npm:0.44.0"
    "@opentelemetry/sdk-trace-web": "npm:1.17.1"
    "@opentelemetry/semantic-conventions": "npm:1.17.1"
  peerDependencies:
    "@opentelemetry/api": ^1.0.0
  checksum: 805cb83dfc15a2d4de7a5868bff5676e7506f49e7a1f5ba1c2eddc1b79a361627fd8e7016693526f6d586268323e4b69341b4cd7e157b4a4cc10c9c4bb520af9
  languageName: node
  linkType: hard

"@opentelemetry/instrumentation-user-interaction@npm:^0.33.2":
  version: 0.33.2
  resolution: "@opentelemetry/instrumentation-user-interaction@npm:0.33.2"
  dependencies:
    "@opentelemetry/core": "npm:^1.8.0"
    "@opentelemetry/instrumentation": "npm:^0.44.0"
    "@opentelemetry/sdk-trace-web": "npm:^1.8.0"
  peerDependencies:
    "@opentelemetry/api": ^1.3.0
    zone.js: 0.11.4
  checksum: 2e8700745962ab9dc8501604e910c7de0b59af188bf7d0a0fe4724d3098d30fbb021a6174f62212458364fa2012375b09927d8059717e3fb1fd84ca2095349c2
  languageName: node
  linkType: hard

"@opentelemetry/instrumentation-xml-http-request@npm:^0.44.0":
  version: 0.44.0
  resolution: "@opentelemetry/instrumentation-xml-http-request@npm:0.44.0"
  dependencies:
    "@opentelemetry/core": "npm:1.17.1"
    "@opentelemetry/instrumentation": "npm:0.44.0"
    "@opentelemetry/sdk-trace-web": "npm:1.17.1"
    "@opentelemetry/semantic-conventions": "npm:1.17.1"
  peerDependencies:
    "@opentelemetry/api": ^1.0.0
  checksum: 4eb6b5aeab1cc3eac88fb0cf670001a44c40be5d0524f5db4d98062df827a64339b72adb4d00b273b0d15bcbf5f9cc1d5b03f447a81bd7ba6f876a7ff8df9cbb
  languageName: node
  linkType: hard

"@opentelemetry/instrumentation@npm:0.44.0, @opentelemetry/instrumentation@npm:^0.44.0":
  version: 0.44.0
  resolution: "@opentelemetry/instrumentation@npm:0.44.0"
  dependencies:
    "@types/shimmer": "npm:^1.0.2"
    import-in-the-middle: "npm:1.4.2"
    require-in-the-middle: "npm:^7.1.1"
    semver: "npm:^7.5.2"
    shimmer: "npm:^1.2.1"
  peerDependencies:
    "@opentelemetry/api": ^1.3.0
  checksum: d8ff3ca0c84a6acb8110f06df008c7b97da2e82d1dce17b1eab52edc4e1ae9041719bc5fa69fe9628804a684d894f66be3061b27a3377e34264ee2d24fb35c9f
  languageName: node
  linkType: hard

"@opentelemetry/resources@npm:1.17.1":
  version: 1.17.1
  resolution: "@opentelemetry/resources@npm:1.17.1"
  dependencies:
    "@opentelemetry/core": "npm:1.17.1"
    "@opentelemetry/semantic-conventions": "npm:1.17.1"
  peerDependencies:
    "@opentelemetry/api": ">=1.0.0 <1.7.0"
  checksum: ea4ec5568f5b67626be6eb2b975614d140dab4f6eb7ca73ee30d0f1957ef9779953956d1d44c35bb124c75e311b34a05e2036b32fcf31cf50ae983154df9ee3d
  languageName: node
  linkType: hard

"@opentelemetry/sdk-trace-base@npm:1.17.1, @opentelemetry/sdk-trace-base@npm:^1.0.0":
  version: 1.17.1
  resolution: "@opentelemetry/sdk-trace-base@npm:1.17.1"
  dependencies:
    "@opentelemetry/core": "npm:1.17.1"
    "@opentelemetry/resources": "npm:1.17.1"
    "@opentelemetry/semantic-conventions": "npm:1.17.1"
  peerDependencies:
    "@opentelemetry/api": ">=1.0.0 <1.7.0"
  checksum: 1400666e673f003f3daceb8d2c55d099b6a2b7c4fa419b844a0fc9df0acb8835ce8dd35df27c180a806397fc01d5182d2f9ae114979f21ddb87afb73ddcab22e
  languageName: node
  linkType: hard

"@opentelemetry/sdk-trace-web@npm:1.17.1, @opentelemetry/sdk-trace-web@npm:^1.15.0, @opentelemetry/sdk-trace-web@npm:^1.8.0":
  version: 1.17.1
  resolution: "@opentelemetry/sdk-trace-web@npm:1.17.1"
  dependencies:
    "@opentelemetry/core": "npm:1.17.1"
    "@opentelemetry/sdk-trace-base": "npm:1.17.1"
    "@opentelemetry/semantic-conventions": "npm:1.17.1"
  peerDependencies:
    "@opentelemetry/api": ">=1.0.0 <1.7.0"
  checksum: baa2419ea67c5d2f901b4d4eaba42f3ebac1d64c15123c4baadf395d57a7bd7b3d9ad2b8c3a476eead1f14c04c4a5b1e740169fe79f754e3df888c33cc74d8af
  languageName: node
  linkType: hard

"@opentelemetry/semantic-conventions@npm:1.17.1, @opentelemetry/semantic-conventions@npm:^1.0.0":
  version: 1.17.1
  resolution: "@opentelemetry/semantic-conventions@npm:1.17.1"
  checksum: 16161f70526d2abcd37a39771229ffe01a25d569f76c86e97200dc20399e7fa87b231c557a9654629b4789e945350e4fc55f88df979a502911f1dde4643ad416
  languageName: node
  linkType: hard

"@types/shimmer@npm:^1.0.2":
  version: 1.0.4
  resolution: "@types/shimmer@npm:1.0.4"
  checksum: f1e7f8b773c34ea21b69686cb100117bd94cc0d1f043e3fc50683453b9936d1295c4f48e1872766556234a9ec48ea37fc7e6b5e56212f66ec65d5b2b5d73092b
  languageName: node
  linkType: hard

"acorn-import-assertions@npm:^1.9.0":
  version: 1.9.0
  resolution: "acorn-import-assertions@npm:1.9.0"
  peerDependencies:
    acorn: ^8
  checksum: 944fb2659d0845c467066bdcda2e20c05abe3aaf11972116df457ce2627628a81764d800dd55031ba19de513ee0d43bb771bc679cc0eda66dc8b4fade143bc0c
  languageName: node
  linkType: hard

"acorn@npm:^8.8.2":
  version: 8.11.2
  resolution: "acorn@npm:8.11.2"
  bin:
    acorn: bin/acorn
  checksum: 818450408684da89423e3daae24e4dc9b68692db8ab49ea4569c7c5abb7a3f23669438bf129cc81dfdada95e1c9b944ee1bfca2c57a05a4dc73834a612fbf6a7
  languageName: node
  linkType: hard

"cjs-module-lexer@npm:^1.2.2":
  version: 1.2.3
  resolution: "cjs-module-lexer@npm:1.2.3"
  checksum: 5ea3cb867a9bb609b6d476cd86590d105f3cfd6514db38ff71f63992ab40939c2feb68967faa15a6d2b1f90daa6416b79ea2de486e9e2485a6f8b66a21b4fb0a
  languageName: node
  linkType: hard

"debug@npm:^4.1.1":
  version: 4.3.4
  resolution: "debug@npm:4.3.4"
  dependencies:
    ms: "npm:2.1.2"
  peerDependenciesMeta:
    supports-color:
      optional: true
  checksum: 3dbad3f94ea64f34431a9cbf0bafb61853eda57bff2880036153438f50fb5a84f27683ba0d8e5426bf41a8c6ff03879488120cf5b3a761e77953169c0600a708
  languageName: node
  linkType: hard

"function-bind@npm:^1.1.2":
  version: 1.1.2
  resolution: "function-bind@npm:1.1.2"
  checksum: 2b0ff4ce708d99715ad14a6d1f894e2a83242e4a52ccfcefaee5e40050562e5f6dafc1adbb4ce2d4ab47279a45dc736ab91ea5042d843c3c092820dfe032efb1
  languageName: node
  linkType: hard

"hasown@npm:^2.0.0":
  version: 2.0.0
  resolution: "hasown@npm:2.0.0"
  dependencies:
    function-bind: "npm:^1.1.2"
  checksum: 6151c75ca12554565098641c98a40f4cc86b85b0fd5b6fe92360967e4605a4f9610f7757260b4e8098dd1c2ce7f4b095f2006fe72a570e3b6d2d28de0298c176
  languageName: node
  linkType: hard

"import-in-the-middle@npm:1.4.2":
  version: 1.4.2
  resolution: "import-in-the-middle@npm:1.4.2"
  dependencies:
    acorn: "npm:^8.8.2"
    acorn-import-assertions: "npm:^1.9.0"
    cjs-module-lexer: "npm:^1.2.2"
    module-details-from-path: "npm:^1.0.3"
  checksum: 52971f821e9a3c94834cd5cf0ab5178321c07d4f4babd547b3cb24c4de21670d05b42ca1523890e7e90525c3bba6b7db7e54cf45421919b0b2712a34faa96ea5
  languageName: node
  linkType: hard

"is-core-module@npm:^2.13.0":
  version: 2.13.1
  resolution: "is-core-module@npm:2.13.1"
  dependencies:
    hasown: "npm:^2.0.0"
  checksum: 256559ee8a9488af90e4bad16f5583c6d59e92f0742e9e8bb4331e758521ee86b810b93bae44f390766ffbc518a0488b18d9dab7da9a5ff997d499efc9403f7c
  languageName: node
  linkType: hard

"lru-cache@npm:^6.0.0":
  version: 6.0.0
  resolution: "lru-cache@npm:6.0.0"
  dependencies:
    yallist: "npm:^4.0.0"
  checksum: f97f499f898f23e4585742138a22f22526254fdba6d75d41a1c2526b3b6cc5747ef59c5612ba7375f42aca4f8461950e925ba08c991ead0651b4918b7c978297
  languageName: node
  linkType: hard

"module-details-from-path@npm:^1.0.3":
  version: 1.0.3
  resolution: "module-details-from-path@npm:1.0.3"
  checksum: 378a8a26013889aa3086bfb0776b7860c5bb957336253e1ba5d779c2f239a218930b145ca76e52c1dd7c8079d52b2af64b8eec30822f81ffdb0dfa27d6fe6f33
  languageName: node
  linkType: hard

"ms@npm:2.1.2":
  version: 2.1.2
  resolution: "ms@npm:2.1.2"
  checksum: 673cdb2c3133eb050c745908d8ce632ed2c02d85640e2edb3ace856a2266a813b30c613569bf3354fdf4ea7d1a1494add3bfa95e2713baa27d0c2c71fc44f58f
  languageName: node
  linkType: hard

"opentelemetry-peer-dep-repro@workspace:.":
  version: 0.0.0-use.local
  resolution: "opentelemetry-peer-dep-repro@workspace:."
  dependencies:
    "@opentelemetry/api": ^1.6.0
    "@opentelemetry/auto-instrumentations-web": ^0.33.2
    zone.js: 0.11.2
  languageName: unknown
  linkType: soft

"path-parse@npm:^1.0.7":
  version: 1.0.7
  resolution: "path-parse@npm:1.0.7"
  checksum: 49abf3d81115642938a8700ec580da6e830dde670be21893c62f4e10bd7dd4c3742ddc603fe24f898cba7eb0c6bc1777f8d9ac14185d34540c6d4d80cd9cae8a
  languageName: node
  linkType: hard

"require-in-the-middle@npm:^7.1.1":
  version: 7.2.0
  resolution: "require-in-the-middle@npm:7.2.0"
  dependencies:
    debug: "npm:^4.1.1"
    module-details-from-path: "npm:^1.0.3"
    resolve: "npm:^1.22.1"
  checksum: 5ed219d12aec4d0f098029827f9e929d8e0ca4f2fe01f23a9b02169e57c5157cced9e7acaef6a871d3f56646f2cb807b08f2f23d66912ee53eca16cb88eff743
  languageName: node
  linkType: hard

"resolve@npm:^1.22.1":
  version: 1.22.8
  resolution: "resolve@npm:1.22.8"
  dependencies:
    is-core-module: "npm:^2.13.0"
    path-parse: "npm:^1.0.7"
    supports-preserve-symlinks-flag: "npm:^1.0.0"
  bin:
    resolve: bin/resolve
  checksum: f8a26958aa572c9b064562750b52131a37c29d072478ea32e129063e2da7f83e31f7f11e7087a18225a8561cfe8d2f0df9dbea7c9d331a897571c0a2527dbb4c
  languageName: node
  linkType: hard

"resolve@patch:resolve@npm%3A^1.22.1#~builtin<compat/resolve>":
  version: 1.22.8
  resolution: "resolve@patch:resolve@npm%3A1.22.8#~builtin<compat/resolve>::version=1.22.8&hash=c3c19d"
  dependencies:
    is-core-module: "npm:^2.13.0"
    path-parse: "npm:^1.0.7"
    supports-preserve-symlinks-flag: "npm:^1.0.0"
  bin:
    resolve: bin/resolve
  checksum: 5479b7d431cacd5185f8db64bfcb7286ae5e31eb299f4c4f404ad8aa6098b77599563ac4257cb2c37a42f59dfc06a1bec2bcf283bb448f319e37f0feb9a09847
  languageName: node
  linkType: hard

"semver@npm:^7.5.2":
  version: 7.5.4
  resolution: "semver@npm:7.5.4"
  dependencies:
    lru-cache: "npm:^6.0.0"
  bin:
    semver: bin/semver.js
  checksum: 12d8ad952fa353b0995bf180cdac205a4068b759a140e5d3c608317098b3575ac2f1e09182206bf2eb26120e1c0ed8fb92c48c592f6099680de56bb071423ca3
  languageName: node
  linkType: hard

"shimmer@npm:^1.2.1":
  version: 1.2.1
  resolution: "shimmer@npm:1.2.1"
  checksum: aa0d6252ad1c682a4fdfda69e541be987f7a265ac7b00b1208e5e48cc68dc55f293955346ea4c71a169b7324b82c70f8400b3d3d2d60b2a7519f0a3522423250
  languageName: node
  linkType: hard

"supports-preserve-symlinks-flag@npm:^1.0.0":
  version: 1.0.0
  resolution: "supports-preserve-symlinks-flag@npm:1.0.0"
  checksum: 53b1e247e68e05db7b3808b99b892bd36fb096e6fba213a06da7fab22045e97597db425c724f2bbd6c99a3c295e1e73f3e4de78592289f38431049e1277ca0ae
  languageName: node
  linkType: hard

"tslib@npm:^2.0.0":
  version: 2.6.2
  resolution: "tslib@npm:2.6.2"
  checksum: 329ea56123005922f39642318e3d1f0f8265d1e7fcb92c633e0809521da75eeaca28d2cf96d7248229deb40e5c19adf408259f4b9640afd20d13aecc1430f3ad
  languageName: node
  linkType: hard

"yallist@npm:^4.0.0":
  version: 4.0.0
  resolution: "yallist@npm:4.0.0"
  checksum: 343617202af32df2a15a3be36a5a8c0c8545208f3d3dfbc6bb7c3e3b7e8c6f8e7485432e4f3b88da3031a6e20afa7c711eded32ddfb122896ac5d914e75848d5
  languageName: node
  linkType: hard

"zone.js@npm:0.11.2":
  version: 0.11.2
  resolution: "zone.js@npm:0.11.2"
  dependencies:
    tslib: ^2.0.0
  checksum: a98d1cd8e940c0529856b7e8b790f9c1f4fc7e77047d3234027c9acfb95e7b4c073c381426016ad26ded3e4c834a76d65a6c7ea95f3659f972b06bcd615952c7
  languageName: node
  linkType: hard
